{
  "name": "moonager",
  "version": "1.0.5",
  "lockfileVersion": 3,
  "requires": true,
  "packages": {
    "": {
      "name": "moonager",
      "version": "1.0.5",
      "private": true,
      "dependencies": {
        "@supabase/supabase-js": "^2.45.4",
        "electron-updater": "^6.1.7",
        "lucide-react": "^0.308.0",
        "react": "^18.2.0",
        "react-dom": "^18.2.0",
        "xlsx-js-style": "^1.2.0"
      },
      "devDependencies": {
        "@types/node": "^20.11.0",
        "@types/react": "^18.2.0",
        "@types/react-dom": "^18.2.0",
        "@vitejs/plugin-react": "^4.2.0",
        "@types/semver": "^7.5.8",
        "autoprefixer": "^10.4.16",
        "concurrently": "^8.2.0",
        "cross-env": "^7.0.3",
        "electron": "^27.1.0",
        "electron-builder": "^24.13.3",
        "electronmon": "^2.0.3",
        "postcss": "^8.4.31",
        "tailwindcss": "^3.3.3",
        "ts-node": "^10.9.2",
        "typescript": "^5.2.2",
        "vite": "^5.0.0"
      }
    }
  }
}
